
Microsoft Visual Studio Solution File, Format Version 12.00
# Visual Studio 15
VisualStudioVersion = 15.0.28307.645
MinimumVisualStudioVersion = 10.0.40219.1
Project("{8BC9CEB8-8B4A-11D0-8D11-00A0C91BC942}") = "USV", "USV.vcxproj", "{9870596D-DB89-433B-AC87-DAAD2CFEA682}"
EndProject
Global
	GlobalSection(SolutionConfigurationPlatforms) = preSolution
		Debug|x64 = Debug|x64
		Debug|x86 = Debug|x86
		Release|x64 = Release|x64
		Release|x86 = Release|x86
	EndGlobalSection
	GlobalSection(ProjectConfigurationPlatforms) = postSolution
		{9870596D-DB89-433B-AC87-DAAD2CFEA682}.Debug|x64.ActiveCfg = Debug|x64
		{9870596D-DB89-433B-AC87-DAAD2CFEA682}.Debug|x64.Build.0 = Debug|x64
		{9870596D-DB89-433B-AC87-DAAD2CFEA682}.Debug|x86.ActiveCfg = Debug|Win32
		{9870596D-DB89-433B-AC87-DAAD2CFEA682}.Debug|x86.Build.0 = Debug|Win32
		{9870596D-DB89-433B-AC87-DAAD2CFEA682}.Release|x64.ActiveCfg = Release|x64
		{9870596D-DB89-433B-AC87-DAAD2CFEA682}.Release|x64.Build.0 = Release|x64
		{9870596D-DB89-433B-AC87-DAAD2CFEA682}.Release|x86.ActiveCfg = Release|Win32
		{9870596D-DB89-433B-AC87-DAAD2CFEA682}.Release|x86.Build.0 = Release|Win32
	EndGlobalSection
	GlobalSection(SolutionProperties) = preSolution
		HideSolutionNode = FALSE
	EndGlobalSection
	GlobalSection(ExtensibilityGlobals) = postSolution
		SolutionGuid = {AEB718A5-9180-4DDE-8E92-32157FA8ACFA}
	EndGlobalSection
EndGlobal
